dependencies:
- name: signalcli
  repository: oci://ghcr.io/f2calv/charts
  version: 1.0.0
- name: workload
  repository: oci://ghcr.io/f2calv/charts
  version: 1.1.0
- name: workload
  repository: oci://ghcr.io/f2calv/charts
  version: 1.1.0
- name: workload
  repository: oci://ghcr.io/f2calv/charts
  version: 1.1.0
digest: sha256:22fb7d5f951cda4f476b2b6c94e910186d116681a05cd76994a75a81182cee7e
generated: "2026-09-24T04:16:46.8204861+02:00"
